// !$*UTF8*$!
{
	archiveVersion = 1;
	classes = {
	};
	objectVersion = 48;
	objects = {

/* Begin PBXBuildFile section */
		7C372A42203DCCEF00A7716A /* Item.swift in Sources */ = {isa = PBXBuildFile; fileRef = 7C372A41203DCCEF00A7716A /* Item.swift */; };
		7C372A44203DCD0200A7716A /* Category.swift in Sources */ = {isa = PBXBuildFile; fileRef = 7C372A43203DCD0200A7716A /* Category.swift */; };
		7CA82911203A11660010A331 /* CategoryViewController.swift in Sources */ = {isa = PBXBuildFile; fileRef = 7CA82910203A11660010A331 /* CategoryViewController.swift */; };
		7CED3514203E4443000C7F9C /* SwipeTableViewController.swift in Sources */ = {isa = PBXBuildFile; fileRef = 7CED3513203E4443000C7F9C /* SwipeTableViewController.swift */; };
		7CF156BA202F888A004629EE /* AppDelegate.swift in Sources */ = {isa = PBXBuildFile; fileRef = 7CF156B9202F888A004629EE /* AppDelegate.swift */; };
		7CF156BC202F888A004629EE /* ToDoListViewController.swift in Sources */ = {isa = PBXBuildFile; fileRef = 7CF156BB202F888A004629EE /* ToDoListViewController.swift */; };
		7CF156BF202F888A004629EE /* Main.storyboard in Resources */ = {isa = PBXBuildFile; fileRef = 7CF156BD202F888A004629EE /* Main.storyboard */; };
		7CF156C1202F888A004629EE /* Assets.xcassets in Resources */ = {isa = PBXBuildFile; fileRef = 7CF156C0202F888A004629EE /* Assets.xcassets */; };
		7CF156C4202F888A004629EE /* LaunchScreen.storyboard in Resources */ = {isa = PBXBuildFile; fileRef = 7CF156C2202F888A004629EE /* LaunchScreen.storyboard */; };
		BEFD39FCCE4263CB73DC8642 /* Pods_Todoey.framework in Frameworks */ = {isa = PBXBuildFile; fileRef = DA17C075C4A54C46EBD53633 /* Pods_Todoey.framework */; };
/* End PBXBuildFile section */

/* Begin PBXFileReference section */
		7C372A41203DCCEF00A7716A /* Item.swift */ = {isa = PBXFileReference; lastKnownFileType = sourcecode.swift; path = Item.swift; sourceTree = "<group>"; };
		7C372A43203DCD0200A7716A /* Category.swift */ = {isa = PBXFileReference; lastKnownFileType = sourcecode.swift; path = Category.swift; sourceTree = "<group>"; };
		7CA82910203A11660010A331 /* CategoryViewController.swift */ = {isa = PBXFileReference; lastKnownFileType = sourcecode.swift; path = CategoryViewController.swift; sourceTree = "<group>"; };
		7CED3513203E4443000C7F9C /* SwipeTableViewController.swift */ = {isa = PBXFileReference; lastKnownFileType = sourcecode.swift; path = SwipeTableViewController.swift; sourceTree = "<group>"; };
		7CF156B6202F888A004629EE /* Todoey.app */ = {isa = PBXFileReference; explicitFileType = wrapper.application; includeInIndex = 0; path = Todoey.app; sourceTree = BUILT_PRODUCTS_DIR; };
		7CF156B9202F888A004629EE /* AppDelegate.swift */ = {isa = PBXFileReference; lastKnownFileType = sourcecode.swift; path = AppDelegate.swift; sourceTree = "<group>"; };
		7CF156BB202F888A004629EE /* ToDoListViewController.swift */ = {isa = PBXFileReference; lastKnownFileType = sourcecode.swift; path = ToDoListViewController.swift; sourceTree = "<group>"; };
		7CF156BE202F888A004629EE /* Base */ = {isa = PBXFileReference; lastKnownFileType = file.storyboard; name = Base; path = Base.lproj/Main.storyboard; sourceTree = "<group>"; };
		7CF156C0202F888A004629EE /* Assets.xcassets */ = {isa = PBXFileReference; lastKnownFileType = folder.assetcatalog; path = Assets.xcassets; sourceTree = "<group>"; };
		7CF156C3202F888A004629EE /* Base */ = {isa = PBXFileReference; lastKnownFileType = file.storyboard; name = Base; path = Base.lproj/LaunchScreen.storyboard; sourceTree = "<group>"; };
		7CF156C5202F888A004629EE /* Info.plist */ = {isa = PBXFileReference; lastKnownFileType = text.plist.xml; path = Info.plist; sourceTree = "<group>"; };
		9B8357D17802C62FAD67AE26 /* Pods-Todoey.debug.xcconfig */ = {isa = PBXFileReference; includeInIndex = 1; lastKnownFileType = text.xcconfig; name = "Pods-Todoey.debug.xcconfig"; path = "Pods/Target Support Files/Pods-Todoey/Pods-Todoey.debug.xcconfig"; sourceTree = "<group>"; };
		DA17C075C4A54C46EBD53633 /* Pods_Todoey.framework */ = {isa = PBXFileReference; explicitFileType = wrapper.framework; includeInIndex = 0; path = Pods_Todoey.framework; sourceTree = BUILT_PRODUCTS_DIR; };
		F7A5D4E3C50E38340555189B /* Pods-Todoey.release.xcconfig */ = {isa = PBXFileReference; includeInIndex = 1; lastKnownFileType = text.xcconfig; name = "Pods-Todoey.release.xcconfig"; path = "Pods/Target Support Files/Pods-Todoey/Pods-Todoey.release.xcconfig"; sourceTree = "<group>"; };
/* End PBXFileReference section */

/* Begin PBXFrameworksBuildPhase section */
		7CF156B3202F888A004629EE /* Frameworks */ = {
			isa = PBXFrameworksBuildPhase;
			buildActionMask = 2147483647;
			files = (
				BEFD39FCCE4263CB73DC8642 /* Pods_Todoey.framework in Frameworks */,
			);
			runOnlyForDeploymentPostprocessing = 0;
		};
/* End PBXFrameworksBuildPhase section */

/* Begin PBXGroup section */
		416A47D3C7753D57D7E0FD83 /* Frameworks */ = {
			isa = PBXGroup;
			children = (
				DA17C075C4A54C46EBD53633 /* Pods_Todoey.framework */,
			);
			name = Frameworks;
			sourceTree = "<group>";
		};
		7C8E2F672030E4DB00C3B9AA /* Data Model */ = {
			isa = PBXGroup;
			children = (
				7C372A43203DCD0200A7716A /* Category.swift */,
				7C372A41203DCCEF00A7716A /* Item.swift */,
			);
			path = "Data Model";
			sourceTree = "<group>";
		};
		7C8E2F682030E4FF00C3B9AA /* Controllers */ = {
			isa = PBXGroup;
			children = (
				7CA82910203A11660010A331 /* CategoryViewController.swift */,
				7CF156BB202F888A004629EE /* ToDoListViewController.swift */,
				7CED3513203E4443000C7F9C /* SwipeTableViewController.swift */,
			);
			path = Controllers;
			sourceTree = "<group>";
		};
		7C8E2F692030E51B00C3B9AA /* Views */ = {
			isa = PBXGroup;
			children = (
				7CF156C2202F888A004629EE /* LaunchScreen.storyboard */,
				7CF156BD202F888A004629EE /* Main.storyboard */,
			);
			path = Views;
			sourceTree = "<group>";
		};
		7C8E2F6A2030E52600C3B9AA /* Supporting Files */ = {
			isa = PBXGroup;
			children = (
				7CF156C0202F888A004629EE /* Assets.xcassets */,
			);
			path = "Supporting Files";
			sourceTree = "<group>";
		};
		7CF156AD202F888A004629EE = {
			isa = PBXGroup;
			children = (
				7CF156B8202F888A004629EE /* Todoey */,
				7CF156B7202F888A004629EE /* Products */,
				9960ACA2CACC1216A8C1E134 /* Pods */,
				416A47D3C7753D57D7E0FD83 /* Frameworks */,
			);
			sourceTree = "<group>";
		};
		7CF156B7202F888A004629EE /* Products */ = {
			isa = PBXGroup;
			children = (
				7CF156B6202F888A004629EE /* Todoey.app */,
			);
			name = Products;
			sourceTree = "<group>";
		};
		7CF156B8202F888A004629EE /* Todoey */ = {
			isa = PBXGroup;
			children = (
				7CF156B9202F888A004629EE /* AppDelegate.swift */,
				7C8E2F682030E4FF00C3B9AA /* Controllers */,
				7C8E2F672030E4DB00C3B9AA /* Data Model */,
				7C8E2F692030E51B00C3B9AA /* Views */,
				7C8E2F6A2030E52600C3B9AA /* Supporting Files */,
				7CF156C5202F888A004629EE /* Info.plist */,
			);
			path = Todoey;
			sourceTree = "<group>";
		};
		9960ACA2CACC1216A8C1E134 /* Pods */ = {
			isa = PBXGroup;
			children = (
				9B8357D17802C62FAD67AE26 /* Pods-Todoey.debug.xcconfig */,
				F7A5D4E3C50E38340555189B /* Pods-Todoey.release.xcconfig */,
			);
			name = Pods;
			sourceTree = "<group>";
		};
/* End PBXGroup section */

/* Begin PBXNativeTarget section */
		7CF156B5202F888A004629EE /* Todoey */ = {
			isa = PBXNativeTarget;
			buildConfigurationList = 7CF156C8202F888A004629EE /* Build configuration list for PBXNativeTarget "Todoey" */;
			buildPhases = (
				C30FE16B9B88965B42F5EB6F /* [CP] Check Pods Manifest.lock */,
				7CF156B2202F888A004629EE /* Sources */,
				7CF156B3202F888A004629EE /* Frameworks */,
				7CF156B4202F888A004629EE /* Resources */,
				6F536124759EAA40EC0C51F6 /* [CP] Embed Pods Frameworks */,
				0DC1A72A2A8A8584F6D0281C /* [CP] Copy Pods Resources */,
			);
			buildRules = (
			);
			dependencies = (
			);
			name = Todoey;
			productName = Todoey;
			productReference = 7CF156B6202F888A004629EE /* Todoey.app */;
			productType = "com.apple.product-type.application";
		};
/* End PBXNativeTarget section */

/* Begin PBXProject section */
		7CF156AE202F888A004629EE /* Project object */ = {
			isa = PBXProject;
			attributes = {
				LastSwiftUpdateCheck = 0920;
				LastUpgradeCheck = 0920;
				ORGANIZATIONNAME = "Patrick Quilty";
				TargetAttributes = {
					7CF156B5202F888A004629EE = {
						CreatedOnToolsVersion = 9.2;
						ProvisioningStyle = Automatic;
					};
				};
			};
			buildConfigurationList = 7CF156B1202F888A004629EE /* Build configuration list for PBXProject "Todoey" */;
			compatibilityVersion = "Xcode 8.0";
			developmentRegion = en;
			hasScannedForEncodings = 0;
			knownRegions = (
				en,
				Base,
			);
			mainGroup = 7CF156AD202F888A004629EE;
			productRefGroup = 7CF156B7202F888A004629EE /* Products */;
			projectDirPath = "";
			projectRoot = "";
			targets = (
				7CF156B5202F888A004629EE /* Todoey */,
			);
		};
/* End PBXProject section */

/* Begin PBXResourcesBuildPhase section */
		7CF156B4202F888A004629EE /* Resources */ = {
			isa = PBXResourcesBuildPhase;
			buildActionMask = 2147483647;
			files = (
				7CF156C4202F888A004629EE /* LaunchScreen.storyboard in Resources */,
				7CF156C1202F888A004629EE /* Assets.xcassets in Resources */,
				7CF156BF202F888A004629EE /* Main.storyboard in Resources */,
			);
			runOnlyForDeploymentPostprocessing = 0;
		};
/* End PBXResourcesBuildPhase section */

/* Begin PBXShellScriptBuildPhase section */
		0DC1A72A2A8A8584F6D0281C /* [CP] Copy Pods Resources */ = {
			isa = PBXShellScriptBuildPhase;
			buildActionMask = 2147483647;
			files = (
			);
			inputPaths = (
			);
			name = "[CP] Copy Pods Resources";
			outputPaths = (
			);
			runOnlyForDeploymentPostprocessing = 0;
			shellPath = /bin/sh;
			shellScript = "\"${SRCROOT}/Pods/Target Support Files/Pods-Todoey/Pods-Todoey-resources.sh\"\n";
			showEnvVarsInLog = 0;
		};
		6F536124759EAA40EC0C51F6 /* [CP] Embed Pods Frameworks */ = {
			isa = PBXShellScriptBuildPhase;
			buildActionMask = 2147483647;
			files = (
			);
			inputPaths = (
				"${SRCROOT}/Pods/Target Support Files/Pods-Todoey/Pods-Todoey-frameworks.sh",
				"${BUILT_PRODUCTS_DIR}/ChameleonFramework/ChameleonFramework.framework",
				"${BUILT_PRODUCTS_DIR}/Realm/Realm.framework",
				"${BUILT_PRODUCTS_DIR}/RealmSwift/RealmSwift.framework",
				"${BUILT_PRODUCTS_DIR}/SwipeCellKit/SwipeCellKit.framework",
			);
			name = "[CP] Embed Pods Frameworks";
			outputPaths = (
				"${TARGET_BUILD_DIR}/${FRAMEWORKS_FOLDER_PATH}/ChameleonFramework.framework",
				"${TARGET_BUILD_DIR}/${FRAMEWORKS_FOLDER_PATH}/Realm.framework",
				"${TARGET_BUILD_DIR}/${FRAMEWORKS_FOLDER_PATH}/RealmSwift.framework",
				"${TARGET_BUILD_DIR}/${FRAMEWORKS_FOLDER_PATH}/SwipeCellKit.framework",
			);
			runOnlyForDeploymentPostprocessing = 0;
			shellPath = /bin/sh;
			shellScript = "\"${SRCROOT}/Pods/Target Support Files/Pods-Todoey/Pods-Todoey-frameworks.sh\"\n";
			showEnvVarsInLog = 0;
		};
		C30FE16B9B88965B42F5EB6F /* [CP] Check Pods Manifest.lock */ = {
			isa = PBXShellScriptBuildPhase;
			buildActionMask = 2147483647;
			files = (
			);
			inputPaths = (
				"${PODS_PODFILE_DIR_PATH}/Podfile.lock",
				"${PODS_ROOT}/Manifest.lock",
			);
			name = "[CP] Check Pods Manifest.lock";
			outputPaths = (
				"$(DERIVED_FILE_DIR)/Pods-Todoey-checkManifestLockResult.txt",
			);
			runOnlyForDeploymentPostprocessing = 0;
			shellPath = /bin/sh;
			shellScript = "diff \"${PODS_PODFILE_DIR_PATH}/Podfile.lock\" \"${PODS_ROOT}/Manifest.lock\" > /dev/null\nif [ $? != 0 ] ; then\n    # print error to STDERR\n    echo \"error: The sandbox is not in sync with the Podfile.lock. Run 'pod install' or update your CocoaPods installation.\" >&2\n    exit 1\nfi\n# This output is used by Xcode 'outputs' to avoid re-running this script phase.\necho \"SUCCESS\" > \"${SCRIPT_OUTPUT_FILE_0}\"\n";
			showEnvVarsInLog = 0;
		};
/* End PBXShellScriptBuildPhase section */

/* Begin PBXSourcesBuildPhase section */
		7CF156B2202F888A004629EE /* Sources */ = {
			isa = PBXSourcesBuildPhase;
			buildActionMask = 2147483647;
			files = (
				7C372A42203DCCEF00A7716A /* Item.swift in Sources */,
				7CA82911203A11660010A331 /* CategoryViewController.swift in Sources */,
				7CF156BC202F888A004629EE /* ToDoListViewController.swift in Sources */,
				7CF156BA202F888A004629EE /* AppDelegate.swift in Sources */,
				7CED3514203E4443000C7F9C /* SwipeTableViewController.swift in Sources */,
				7C372A44203DCD0200A7716A /* Category.swift in Sources */,
			);
			runOnlyForDeploymentPostprocessing = 0;
		};
/* End PBXSourcesBuildPhase section */

/* Begin PBXVariantGroup section */
		7CF156BD202F888A004629EE /* Main.storyboard */ = {
			isa = PBXVariantGroup;
			children = (
				7CF156BE202F888A004629EE /* Base */,
			);
			name = Main.storyboard;
			sourceTree = "<group>";
		};
		7CF156C2202F888A004629EE /* LaunchScreen.storyboard */ = {
			isa = PBXVariantGroup;
			children = (
				7CF156C3202F888A004629EE /* Base */,
			);
			name = LaunchScreen.storyboard;
			sourceTree = "<group>";
		};
/* End PBXVariantGroup section */

/* Begin XCBuildConfiguration section */
		7CF156C6202F888A004629EE /* Debug */ = {
			isa = XCBuildConfiguration;
			buildSettings = {
				ALWAYS_SEARCH_USER_PATHS = NO;
				CLANG_ANALYZER_NONNULL = YES;
				CLANG_ANALYZER_NUMBER_OBJECT_CONVERSION = YES_AGGRESSIVE;
				CLANG_CXX_LANGUAGE_STANDARD = "gnu++14";
				CLANG_CXX_LIBRARY = "libc++";
				CLANG_ENABLE_MODULES = YES;
				CLANG_ENABLE_OBJC_ARC = YES;
				CLANG_WARN_BLOCK_CAPTURE_AUTORELEASING = YES;
				CLANG_WARN_BOOL_CONVERSION = YES;
				CLANG_WARN_COMMA = YES;
				CLANG_WARN_CONSTANT_CONVERSION = YES;
				CLANG_WARN_DIRECT_OBJC_ISA_USAGE = YES_ERROR;
				CLANG_WARN_DOCUMENTATION_COMMENTS = YES;
				CLANG_WARN_EMPTY_BODY = YES;
				CLANG_WARN_ENUM_CONVERSION = YES;
				CLANG_WARN_INFINITE_RECURSION = YES;
				CLANG_WARN_INT_CONVERSION = YES;
				CLANG_WARN_NON_LITERAL_NULL_CONVERSION = YES;
				CLANG_WARN_OBJC_LITERAL_CONVERSION = YES;
				CLANG_WARN_OBJC_ROOT_CLASS = YES_ERROR;
				CLANG_WARN_RANGE_LOOP_ANALYSIS = YES;
				CLANG_WARN_STRICT_PROTOTYPES = YES;
				CLANG_WARN_SUSPICIOUS_MOVE = YES;
				CLANG_WARN_UNGUARDED_AVAILABILITY = YES_AGGRESSIVE;
				CLANG_WARN_UNREACHABLE_CODE = YES;
				CLANG_WARN__DUPLICATE_METHOD_MATCH = YES;
				CODE_SIGN_IDENTITY = "iPhone Developer";
				COPY_PHASE_STRIP = NO;
				DEBUG_INFORMATION_FORMAT = dwarf;
				ENABLE_STRICT_OBJC_MSGSEND = YES;
				ENABLE_TESTABILITY = YES;
				GCC_C_LANGUAGE_STANDARD = gnu11;
				GCC_DYNAMIC_NO_PIC = NO;
				GCC_NO_COMMON_BLOCKS = YES;
				GCC_OPTIMIZATION_LEVEL = 0;
				GCC_PREPROCESSOR_DEFINITIONS = (
					"DEBUG=1",
					"$(inherited)",
				);
				GCC_WARN_64_TO_32_BIT_CONVERSION = YES;
				GCC_WARN_ABOUT_RETURN_TYPE = YES_ERROR;
				GCC_WARN_UNDECLARED_SELECTOR = YES;
				GCC_WARN_UNINITIALIZED_AUTOS = YES_AGGRESSIVE;
				GCC_WARN_UNUSED_FUNCTION = YES;
				GCC_WARN_UNUSED_VARIABLE = YES;
				IPHONEOS_DEPLOYMENT_TARGET = 11.2;
				MTL_ENABLE_DEBUG_INFO = YES;
				ONLY_ACTIVE_ARCH = YES;
				SDKROOT = iphoneos;
				SWIFT_ACTIVE_COMPILATION_CONDITIONS = DEBUG;
				SWIFT_OPTIMIZATION_LEVEL = "-Onone";
			};
			name = Debug;
		};
		7CF156C7202F888A004629EE /* Release */ = {
			isa = XCBuildConfiguration;
			buildSettings = {
				ALWAYS_SEARCH_USER_PATHS = NO;
				CLANG_ANALYZER_NONNULL = YES;
				CLANG_ANALYZER_NUMBER_OBJECT_CONVERSION = YES_AGGRESSIVE;
				CLANG_CXX_LANGUAGE_STANDARD = "gnu++14";
				CLANG_CXX_LIBRARY = "libc++";
				CLANG_ENABLE_MODULES = YES;
				CLANG_ENABLE_OBJC_ARC = YES;
				CLANG_WARN_BLOCK_CAPTURE_AUTORELEASING = YES;
				CLANG_WARN_BOOL_CONVERSION = YES;
				CLANG_WARN_COMMA = YES;
				CLANG_WARN_CONSTANT_CONVERSION = YES;
				CLANG_WARN_DIRECT_OBJC_ISA_USAGE = YES_ERROR;
				CLANG_WARN_DOCUMENTATION_COMMENTS = YES;
				CLANG_WARN_EMPTY_BODY = YES;
				CLANG_WARN_ENUM_CONVERSION = YES;
				CLANG_WARN_INFINITE_RECURSION = YES;
				CLANG_WARN_INT_CONVERSION = YES;
				CLANG_WARN_NON_LITERAL_NULL_CONVERSION = YES;
				CLANG_WARN_OBJC_LITERAL_CONVERSION = YES;
				CLANG_WARN_OBJC_ROOT_CLASS = YES_ERROR;
				CLANG_WARN_RANGE_LOOP_ANALYSIS = YES;
				CLANG_WARN_STRICT_PROTOTYPES = YES;
				CLANG_WARN_SUSPICIOUS_MOVE = YES;
				CLANG_WARN_UNGUARDED_AVAILABILITY = YES_AGGRESSIVE;
				CLANG_WARN_UNREACHABLE_CODE = YES;
				CLANG_WARN__DUPLICATE_METHOD_MATCH = YES;
				CODE_SIGN_IDENTITY = "iPhone Developer";
				COPY_PHASE_STRIP = NO;
				DEBUG_INFORMATION_FORMAT = "dwarf-with-dsym";
				ENABLE_NS_ASSERTIONS = NO;
				ENABLE_STRICT_OBJC_MSGSEND = YES;
				GCC_C_LANGUAGE_STANDARD = gnu11;
				GCC_NO_COMMON_BLOCKS = YES;
				GCC_WARN_64_TO_32_BIT_CONVERSION = YES;
				GCC_WARN_ABOUT_RETURN_TYPE = YES_ERROR;
				GCC_WARN_UNDECLARED_SELECTOR = YES;
				GCC_WARN_UNINITIALIZED_AUTOS = YES_AGGRESSIVE;
				GCC_WARN_UNUSED_FUNCTION = YES;
				GCC_WARN_UNUSED_VARIABLE = YES;
				IPHONEOS_DEPLOYMENT_TARGET = 11.2;
				MTL_ENABLE_DEBUG_INFO = NO;
				SDKROOT = iphoneos;
				SWIFT_OPTIMIZATION_LEVEL = "-Owholemodule";
				VALIDATE_PRODUCT = YES;
			};
			name = Release;
		};
		7CF156C9202F888A004629EE /* Debug */ = {
			isa = XCBuildConfiguration;
			baseConfigurationReference = 9B8357D17802C62FAD67AE26 /* Pods-Todoey.debug.xcconfig */;
			buildSettings = {
				ASSETCATALOG_COMPILER_APPICON_NAME = AppIcon;
				CODE_SIGN_STYLE = Automatic;
				DEVELOPMENT_TEAM = HLJPPMC6NY;
				INFOPLIST_FILE = Todoey/Info.plist;
				LD_RUNPATH_SEARCH_PATHS = "$(inherited) @executable_path/Frameworks";
				PRODUCT_BUNDLE_IDENTIFIER = com.Quilty.Todoey;
				PRODUCT_NAME = "$(TARGET_NAME)";
				SWIFT_VERSION = 4.0;
				TARGETED_DEVICE_FAMILY = "1,2";
			};
			name = Debug;
		};
		7CF156CA202F888A004629EE /* Release */ = {
			isa = XCBuildConfiguration;
			baseConfigurationReference = F7A5D4E3C50E38340555189B /* Pods-Todoey.release.xcconfig */;
			buildSettings = {
				ASSETCATALOG_COMPILER_APPICON_NAME = AppIcon;
				CODE_SIGN_STYLE = Automatic;
				DEVELOPMENT_TEAM = HLJPPMC6NY;
				INFOPLIST_FILE = Todoey/Info.plist;
				LD_RUNPATH_SEARCH_PATHS = "$(inherited) @executable_path/Frameworks";
				PRODUCT_BUNDLE_IDENTIFIER = com.Quilty.Todoey;
				PRODUCT_NAME = "$(TARGET_NAME)";
				SWIFT_VERSION = 4.0;
				TARGETED_DEVICE_FAMILY = "1,2";
			};
			name = Release;
		};
/* End XCBuildConfiguration section */

/* Begin XCConfigurationList section */
		7CF156B1202F888A004629EE /* Build configuration list for PBXProject "Todoey" */ = {
			isa = XCConfigurationList;
			buildConfigurations = (
				7CF156C6202F888A004629EE /* Debug */,
				7CF156C7202F888A004629EE /* Release */,
			);
			defaultConfigurationIsVisible = 0;
			defaultConfigurationName = Release;
		};
		7CF156C8202F888A004629EE /* Build configuration list for PBXNativeTarget "Todoey" */ = {
			isa = XCConfigurationList;
			buildConfigurations = (
				7CF156C9202F888A004629EE /* Debug */,
				7CF156CA202F888A004629EE /* Release */,
			);
			defaultConfigurationIsVisible = 0;
			defaultConfigurationName = Release;
		};
/* End XCConfigurationList section */
	};
	rootObject = 7CF156AE202F888A004629EE /* Project object */;
}
